{
  "name": "prob-cljs",
  "lockfileVersion": 3,
  "requires": true,
  "packages": {
    "": {
      "dependencies": {
        "@frost-beta/mlx": "^0.4.0"
      }
    },
    "node_modules/@frost-beta/mlx": {
      "version": "0.4.0",
      "resolved": "https://registry.npmjs.org/@frost-beta/mlx/-/mlx-0.4.0.tgz",
      "integrity": "sha512-8SHsV14I5PLaa55c1T1t71x+NJYLfCcgKd6Wn+KWrjL78AXPSjSBvTmjWF4SuLD8Da9J5wv7cnO0O9oYykhdFg==",
      "hasInstallScript": true,
      "license": "MIT"
    }
  }
}
